// !$*UTF8*$!
{
	archiveVersion = 1;
	classes = {
	};
	objectVersion = 56;
	objects = {

/* Begin PBXBuildFile section */
		BDF97DC82A92FD9A007E821F /* PokedexApp.swift in Sources */ = {isa = PBXBuildFile; fileRef = BDF97DC72A92FD9A007E821F /* PokedexApp.swift */; };
		BDF97DCA2A92FD9A007E821F /* HomeView.swift in Sources */ = {isa = PBXBuildFile; fileRef = BDF97DC92A92FD9A007E821F /* HomeView.swift */; };
		BDF97DCC2A92FD9B007E821F /* Assets.xcassets in Resources */ = {isa = PBXBuildFile; fileRef = BDF97DCB2A92FD9B007E821F /* Assets.xcassets */; };
		BDF97DCF2A92FD9B007E821F /* Preview Assets.xcassets in Resources */ = {isa = PBXBuildFile; fileRef = BDF97DCE2A92FD9B007E821F /* Preview Assets.xcassets */; };
		BDF97DD92A92FD9B007E821F /* PokedexTests.swift in Sources */ = {isa = PBXBuildFile; fileRef = BDF97DD82A92FD9B007E821F /* PokedexTests.swift */; };
		BDF97DE32A92FD9B007E821F /* PokedexUITests.swift in Sources */ = {isa = PBXBuildFile; fileRef = BDF97DE22A92FD9B007E821F /* PokedexUITests.swift */; };
		BDF97DE52A92FD9B007E821F /* PokedexUITestsLaunchTests.swift in Sources */ = {isa = PBXBuildFile; fileRef = BDF97DE42A92FD9B007E821F /* PokedexUITestsLaunchTests.swift */; };
		BDF97DF52A92FE8C007E821F /* PokeAPI.swift in Sources */ = {isa = PBXBuildFile; fileRef = BDF97DF42A92FE8C007E821F /* PokeAPI.swift */; };
		BDF97DF72A930115007E821F /* HomeModel.swift in Sources */ = {isa = PBXBuildFile; fileRef = BDF97DF62A930115007E821F /* HomeModel.swift */; };
		BDF97DFB2A9301B6007E821F /* HomeViewModel.swift in Sources */ = {isa = PBXBuildFile; fileRef = BDF97DFA2A9301B6007E821F /* HomeViewModel.swift */; };
		BDF97DFE2A931888007E821F /* PokemonCard.swift in Sources */ = {isa = PBXBuildFile; fileRef = BDF97DFD2A931888007E821F /* PokemonCard.swift */; };
		BDF97E032A934EDC007E821F /* DetailsViewModel.swift in Sources */ = {isa = PBXBuildFile; fileRef = BDF97E022A934EDC007E821F /* DetailsViewModel.swift */; };
		BDF97E052A934F30007E821F /* DetailsModel.swift in Sources */ = {isa = PBXBuildFile; fileRef = BDF97E042A934F30007E821F /* DetailsModel.swift */; };
		BDF97E072A9360E5007E821F /* DetailsView.swift in Sources */ = {isa = PBXBuildFile; fileRef = BDF97E062A9360E5007E821F /* DetailsView.swift */; };
		BDF97E092A9369D3007E821F /* Utils.swift in Sources */ = {isa = PBXBuildFile; fileRef = BDF97E082A9369D3007E821F /* Utils.swift */; };
/* End PBXBuildFile section */

/* Begin PBXContainerItemProxy section */
		BDF97DD52A92FD9B007E821F /* PBXContainerItemProxy */ = {
			isa = PBXContainerItemProxy;
			containerPortal = BDF97DBC2A92FD9A007E821F /* Project object */;
			proxyType = 1;
			remoteGlobalIDString = BDF97DC32A92FD9A007E821F;
			remoteInfo = Pokedex;
		};
		BDF97DDF2A92FD9B007E821F /* PBXContainerItemProxy */ = {
			isa = PBXContainerItemProxy;
			containerPortal = BDF97DBC2A92FD9A007E821F /* Project object */;
			proxyType = 1;
			remoteGlobalIDString = BDF97DC32A92FD9A007E821F;
			remoteInfo = Pokedex;
		};
/* End PBXContainerItemProxy section */

/* Begin PBXFileReference section */
		BDF97DC42A92FD9A007E821F /* Pokedex.app */ = {isa = PBXFileReference; explicitFileType = wrapper.application; includeInIndex = 0; path = Pokedex.app; sourceTree = BUILT_PRODUCTS_DIR; };
		BDF97DC72A92FD9A007E821F /* PokedexApp.swift */ = {isa = PBXFileReference; lastKnownFileType = sourcecode.swift; path = PokedexApp.swift; sourceTree = "<group>"; };
		BDF97DC92A92FD9A007E821F /* HomeView.swift */ = {isa = PBXFileReference; lastKnownFileType = sourcecode.swift; path = HomeView.swift; sourceTree = "<group>"; };
		BDF97DCB2A92FD9B007E821F /* Assets.xcassets */ = {isa = PBXFileReference; lastKnownFileType = folder.assetcatalog; path = Assets.xcassets; sourceTree = "<group>"; };
		BDF97DCE2A92FD9B007E821F /* Preview Assets.xcassets */ = {isa = PBXFileReference; lastKnownFileType = folder.assetcatalog; path = "Preview Assets.xcassets"; sourceTree = "<group>"; };
		BDF97DD42A92FD9B007E821F /* PokedexTests.xctest */ = {isa = PBXFileReference; explicitFileType = wrapper.cfbundle; includeInIndex = 0; path = PokedexTests.xctest; sourceTree = BUILT_PRODUCTS_DIR; };
		BDF97DD82A92FD9B007E821F /* PokedexTests.swift */ = {isa = PBXFileReference; lastKnownFileType = sourcecode.swift; path = PokedexTests.swift; sourceTree = "<group>"; };
		BDF97DDE2A92FD9B007E821F /* PokedexUITests.xctest */ = {isa = PBXFileReference; explicitFileType = wrapper.cfbundle; includeInIndex = 0; path = PokedexUITests.xctest; sourceTree = BUILT_PRODUCTS_DIR; };
		BDF97DE22A92FD9B007E821F /* PokedexUITests.swift */ = {isa = PBXFileReference; lastKnownFileType = sourcecode.swift; path = PokedexUITests.swift; sourceTree = "<group>"; };
		BDF97DE42A92FD9B007E821F /* PokedexUITestsLaunchTests.swift */ = {isa = PBXFileReference; lastKnownFileType = sourcecode.swift; path = PokedexUITestsLaunchTests.swift; sourceTree = "<group>"; };
		BDF97DF42A92FE8C007E821F /* PokeAPI.swift */ = {isa = PBXFileReference; lastKnownFileType = sourcecode.swift; path = PokeAPI.swift; sourceTree = "<group>"; };
		BDF97DF62A930115007E821F /* HomeModel.swift */ = {isa = PBXFileReference; lastKnownFileType = sourcecode.swift; path = HomeModel.swift; sourceTree = "<group>"; };
		BDF97DFA2A9301B6007E821F /* HomeViewModel.swift */ = {isa = PBXFileReference; lastKnownFileType = sourcecode.swift; path = HomeViewModel.swift; sourceTree = "<group>"; };
		BDF97DFD2A931888007E821F /* PokemonCard.swift */ = {isa = PBXFileReference; lastKnownFileType = sourcecode.swift; path = PokemonCard.swift; sourceTree = "<group>"; };
		BDF97E022A934EDC007E821F /* DetailsViewModel.swift */ = {isa = PBXFileReference; lastKnownFileType = sourcecode.swift; path = DetailsViewModel.swift; sourceTree = "<group>"; };
		BDF97E042A934F30007E821F /* DetailsModel.swift */ = {isa = PBXFileReference; lastKnownFileType = sourcecode.swift; path = DetailsModel.swift; sourceTree = "<group>"; };
		BDF97E062A9360E5007E821F /* DetailsView.swift */ = {isa = PBXFileReference; lastKnownFileType = sourcecode.swift; path = DetailsView.swift; sourceTree = "<group>"; };
		BDF97E082A9369D3007E821F /* Utils.swift */ = {isa = PBXFileReference; lastKnownFileType = sourcecode.swift; path = Utils.swift; sourceTree = "<group>"; };
/* End PBXFileReference section */

/* Begin PBXFrameworksBuildPhase section */
		BDF97DC12A92FD9A007E821F /* Frameworks */ = {
			isa = PBXFrameworksBuildPhase;
			buildActionMask = 2147483647;
			files = (
			);
			runOnlyForDeploymentPostprocessing = 0;
		};
		BDF97DD12A92FD9B007E821F /* Frameworks */ = {
			isa = PBXFrameworksBuildPhase;
			buildActionMask = 2147483647;
			files = (
			);
			runOnlyForDeploymentPostprocessing = 0;
		};
		BDF97DDB2A92FD9B007E821F /* Frameworks */ = {
			isa = PBXFrameworksBuildPhase;
			buildActionMask = 2147483647;
			files = (
			);
			runOnlyForDeploymentPostprocessing = 0;
		};
/* End PBXFrameworksBuildPhase section */

/* Begin PBXGroup section */
		BDF97DBB2A92FD9A007E821F = {
			isa = PBXGroup;
			children = (
				BDF97DC62A92FD9A007E821F /* Pokedex */,
				BDF97DD72A92FD9B007E821F /* PokedexTests */,
				BDF97DE12A92FD9B007E821F /* PokedexUITests */,
				BDF97DC52A92FD9A007E821F /* Products */,
			);
			sourceTree = "<group>";
		};
		BDF97DC52A92FD9A007E821F /* Products */ = {
			isa = PBXGroup;
			children = (
				BDF97DC42A92FD9A007E821F /* Pokedex.app */,
				BDF97DD42A92FD9B007E821F /* PokedexTests.xctest */,
				BDF97DDE2A92FD9B007E821F /* PokedexUITests.xctest */,
			);
			name = Products;
			sourceTree = "<group>";
		};
		BDF97DC62A92FD9A007E821F /* Pokedex */ = {
			isa = PBXGroup;
			children = (
				BDF97E002A934E98007E821F /* Components */,
				BDF97DFF2A934E86007E821F /* Pages */,
				BDF97DF32A92FE59007E821F /* Network */,
				BDF97DC72A92FD9A007E821F /* PokedexApp.swift */,
				BDF97DCB2A92FD9B007E821F /* Assets.xcassets */,
				BDF97DCD2A92FD9B007E821F /* Preview Content */,
				BDF97E082A9369D3007E821F /* Utils.swift */,
			);
			path = Pokedex;
			sourceTree = "<group>";
		};
		BDF97DCD2A92FD9B007E821F /* Preview Content */ = {
			isa = PBXGroup;
			children = (
				BDF97DCE2A92FD9B007E821F /* Preview Assets.xcassets */,
			);
			path = "Preview Content";
			sourceTree = "<group>";
		};
		BDF97DD72A92FD9B007E821F /* PokedexTests */ = {
			isa = PBXGroup;
			children = (
				BDF97DD82A92FD9B007E821F /* PokedexTests.swift */,
			);
			path = PokedexTests;
			sourceTree = "<group>";
		};
		BDF97DE12A92FD9B007E821F /* PokedexUITests */ = {
			isa = PBXGroup;
			children = (
				BDF97DE22A92FD9B007E821F /* PokedexUITests.swift */,
				BDF97DE42A92FD9B007E821F /* PokedexUITestsLaunchTests.swift */,
			);
			path = PokedexUITests;
			sourceTree = "<group>";
		};
		BDF97DF12A92FDDF007E821F /* Home */ = {
			isa = PBXGroup;
			children = (
				BDF97DC92A92FD9A007E821F /* HomeView.swift */,
				BDF97DF62A930115007E821F /* HomeModel.swift */,
				BDF97DFA2A9301B6007E821F /* HomeViewModel.swift */,
			);
			path = Home;
			sourceTree = "<group>";
		};
		BDF97DF22A92FDF9007E821F /* Details */ = {
			isa = PBXGroup;
			children = (
				BDF97E022A934EDC007E821F /* DetailsViewModel.swift */,
				BDF97E042A934F30007E821F /* DetailsModel.swift */,
				BDF97E062A9360E5007E821F /* DetailsView.swift */,
			);
			path = Details;
			sourceTree = "<group>";
		};
		BDF97DF32A92FE59007E821F /* Network */ = {
			isa = PBXGroup;
			children = (
				BDF97DF42A92FE8C007E821F /* PokeAPI.swift */,
			);
			path = Network;
			sourceTree = "<group>";
		};
		BDF97DFF2A934E86007E821F /* Pages */ = {
			isa = PBXGroup;
			children = (
				BDF97DF22A92FDF9007E821F /* Details */,
				BDF97DF12A92FDDF007E821F /* Home */,
			);
			path = Pages;
			sourceTree = "<group>";
		};
		BDF97E002A934E98007E821F /* Components */ = {
			isa = PBXGroup;
			children = (
				BDF97E012A934E9D007E821F /* PokemonCard */,
			);
			path = Components;
			sourceTree = "<group>";
		};
		BDF97E012A934E9D007E821F /* PokemonCard */ = {
			isa = PBXGroup;
			children = (
				BDF97DFD2A931888007E821F /* PokemonCard.swift */,
			);
			path = PokemonCard;
			sourceTree = "<group>";
		};
/* End PBXGroup section */

/* Begin PBXNativeTarget section */
		BDF97DC32A92FD9A007E821F /* Pokedex */ = {
			isa = PBXNativeTarget;
			buildConfigurationList = BDF97DE82A92FD9B007E821F /* Build configuration list for PBXNativeTarget "Pokedex" */;
			buildPhases = (
				BDF97DC02A92FD9A007E821F /* Sources */,
				BDF97DC12A92FD9A007E821F /* Frameworks */,
				BDF97DC22A92FD9A007E821F /* Resources */,
			);
			buildRules = (
			);
			dependencies = (
			);
			name = Pokedex;
			productName = Pokedex;
			productReference = BDF97DC42A92FD9A007E821F /* Pokedex.app */;
			productType = "com.apple.product-type.application";
		};
		BDF97DD32A92FD9B007E821F /* PokedexTests */ = {
			isa = PBXNativeTarget;
			buildConfigurationList = BDF97DEB2A92FD9B007E821F /* Build configuration list for PBXNativeTarget "PokedexTests" */;
			buildPhases = (
				BDF97DD02A92FD9B007E821F /* Sources */,
				BDF97DD12A92FD9B007E821F /* Frameworks */,
				BDF97DD22A92FD9B007E821F /* Resources */,
			);
			buildRules = (
			);
			dependencies = (
				BDF97DD62A92FD9B007E821F /* PBXTargetDependency */,
			);
			name = PokedexTests;
			productName = PokedexTests;
			productReference = BDF97DD42A92FD9B007E821F /* PokedexTests.xctest */;
			productType = "com.apple.product-type.bundle.unit-test";
		};
		BDF97DDD2A92FD9B007E821F /* PokedexUITests */ = {
			isa = PBXNativeTarget;
			buildConfigurationList = BDF97DEE2A92FD9B007E821F /* Build configuration list for PBXNativeTarget "PokedexUITests" */;
			buildPhases = (
				BDF97DDA2A92FD9B007E821F /* Sources */,
				BDF97DDB2A92FD9B007E821F /* Frameworks */,
				BDF97DDC2A92FD9B007E821F /* Resources */,
			);
			buildRules = (
			);
			dependencies = (
				BDF97DE02A92FD9B007E821F /* PBXTargetDependency */,
			);
			name = PokedexUITests;
			productName = PokedexUITests;
			productReference = BDF97DDE2A92FD9B007E821F /* PokedexUITests.xctest */;
			productType = "com.apple.product-type.bundle.ui-testing";
		};
/* End PBXNativeTarget section */

/* Begin PBXProject section */
		BDF97DBC2A92FD9A007E821F /* Project object */ = {
			isa = PBXProject;
			attributes = {
				BuildIndependentTargetsInParallel = 1;
				LastSwiftUpdateCheck = 1430;
				LastUpgradeCheck = 1430;
				TargetAttributes = {
					BDF97DC32A92FD9A007E821F = {
						CreatedOnToolsVersion = 14.3.1;
					};
					BDF97DD32A92FD9B007E821F = {
						CreatedOnToolsVersion = 14.3.1;
						TestTargetID = BDF97DC32A92FD9A007E821F;
					};
					BDF97DDD2A92FD9B007E821F = {
						CreatedOnToolsVersion = 14.3.1;
						TestTargetID = BDF97DC32A92FD9A007E821F;
					};
				};
			};
			buildConfigurationList = BDF97DBF2A92FD9A007E821F /* Build configuration list for PBXProject "Pokedex" */;
			compatibilityVersion = "Xcode 14.0";
			developmentRegion = en;
			hasScannedForEncodings = 0;
			knownRegions = (
				en,
				Base,
			);
			mainGroup = BDF97DBB2A92FD9A007E821F;
			productRefGroup = BDF97DC52A92FD9A007E821F /* Products */;
			projectDirPath = "";
			projectRoot = "";
			targets = (
				BDF97DC32A92FD9A007E821F /* Pokedex */,
				BDF97DD32A92FD9B007E821F /* PokedexTests */,
				BDF97DDD2A92FD9B007E821F /* PokedexUITests */,
			);
		};
/* End PBXProject section */

/* Begin PBXResourcesBuildPhase section */
		BDF97DC22A92FD9A007E821F /* Resources */ = {
			isa = PBXResourcesBuildPhase;
			buildActionMask = 2147483647;
			files = (
				BDF97DCF2A92FD9B007E821F /* Preview Assets.xcassets in Resources */,
				BDF97DCC2A92FD9B007E821F /* Assets.xcassets in Resources */,
			);
			runOnlyForDeploymentPostprocessing = 0;
		};
		BDF97DD22A92FD9B007E821F /* Resources */ = {
			isa = PBXResourcesBuildPhase;
			buildActionMask = 2147483647;
			files = (
			);
			runOnlyForDeploymentPostprocessing = 0;
		};
		BDF97DDC2A92FD9B007E821F /* Resources */ = {
			isa = PBXResourcesBuildPhase;
			buildActionMask = 2147483647;
			files = (
			);
			runOnlyForDeploymentPostprocessing = 0;
		};
/* End PBXResourcesBuildPhase section */

/* Begin PBXSourcesBuildPhase section */
		BDF97DC02A92FD9A007E821F /* Sources */ = {
			isa = PBXSourcesBuildPhase;
			buildActionMask = 2147483647;
			files = (
				BDF97E052A934F30007E821F /* DetailsModel.swift in Sources */,
				BDF97DFB2A9301B6007E821F /* HomeViewModel.swift in Sources */,
				BDF97E072A9360E5007E821F /* DetailsView.swift in Sources */,
				BDF97DF72A930115007E821F /* HomeModel.swift in Sources */,
				BDF97E032A934EDC007E821F /* DetailsViewModel.swift in Sources */,
				BDF97E092A9369D3007E821F /* Utils.swift in Sources */,
				BDF97DF52A92FE8C007E821F /* PokeAPI.swift in Sources */,
				BDF97DCA2A92FD9A007E821F /* HomeView.swift in Sources */,
				BDF97DC82A92FD9A007E821F /* PokedexApp.swift in Sources */,
				BDF97DFE2A931888007E821F /* PokemonCard.swift in Sources */,
			);
			runOnlyForDeploymentPostprocessing = 0;
		};
		BDF97DD02A92FD9B007E821F /* Sources */ = {
			isa = PBXSourcesBuildPhase;
			buildActionMask = 2147483647;
			files = (
				BDF97DD92A92FD9B007E821F /* PokedexTests.swift in Sources */,
			);
			runOnlyForDeploymentPostprocessing = 0;
		};
		BDF97DDA2A92FD9B007E821F /* Sources */ = {
			isa = PBXSourcesBuildPhase;
			buildActionMask = 2147483647;
			files = (
				BDF97DE32A92FD9B007E821F /* PokedexUITests.swift in Sources */,
				BDF97DE52A92FD9B007E821F /* PokedexUITestsLaunchTests.swift in Sources */,
			);
			runOnlyForDeploymentPostprocessing = 0;
		};
/* End PBXSourcesBuildPhase section */

/* Begin PBXTargetDependency section */
		BDF97DD62A92FD9B007E821F /* PBXTargetDependency */ = {
			isa = PBXTargetDependency;
			target = BDF97DC32A92FD9A007E821F /* Pokedex */;
			targetProxy = BDF97DD52A92FD9B007E821F /* PBXContainerItemProxy */;
		};
		BDF97DE02A92FD9B007E821F /* PBXTargetDependency */ = {
			isa = PBXTargetDependency;
			target = BDF97DC32A92FD9A007E821F /* Pokedex */;
			targetProxy = BDF97DDF2A92FD9B007E821F /* PBXContainerItemProxy */;
		};
/* End PBXTargetDependency section */

/* Begin XCBuildConfiguration section */
		BDF97DE62A92FD9B007E821F /* Debug */ = {
			isa = XCBuildConfiguration;
			buildSettings = {
				ALWAYS_SEARCH_USER_PATHS = NO;
				CLANG_ANALYZER_NONNULL = YES;
				CLANG_ANALYZER_NUMBER_OBJECT_CONVERSION = YES_AGGRESSIVE;
				CLANG_CXX_LANGUAGE_STANDARD = "gnu++20";
				CLANG_ENABLE_MODULES = YES;
				CLANG_ENABLE_OBJC_ARC = YES;
				CLANG_ENABLE_OBJC_WEAK = YES;
				CLANG_WARN_BLOCK_CAPTURE_AUTORELEASING = YES;
				CLANG_WARN_BOOL_CONVERSION = YES;
				CLANG_WARN_COMMA = YES;
				CLANG_WARN_CONSTANT_CONVERSION = YES;
				CLANG_WARN_DEPRECATED_OBJC_IMPLEMENTATIONS = YES;
				CLANG_WARN_DIRECT_OBJC_ISA_USAGE = YES_ERROR;
				CLANG_WARN_DOCUMENTATION_COMMENTS = YES;
				CLANG_WARN_EMPTY_BODY = YES;
				CLANG_WARN_ENUM_CONVERSION = YES;
				CLANG_WARN_INFINITE_RECURSION = YES;
				CLANG_WARN_INT_CONVERSION = YES;
				CLANG_WARN_NON_LITERAL_NULL_CONVERSION = YES;
				CLANG_WARN_OBJC_IMPLICIT_RETAIN_SELF = YES;
				CLANG_WARN_OBJC_LITERAL_CONVERSION = YES;
				CLANG_WARN_OBJC_ROOT_CLASS = YES_ERROR;
				CLANG_WARN_QUOTED_INCLUDE_IN_FRAMEWORK_HEADER = YES;
				CLANG_WARN_RANGE_LOOP_ANALYSIS = YES;
				CLANG_WARN_STRICT_PROTOTYPES = YES;
				CLANG_WARN_SUSPICIOUS_MOVE = YES;
				CLANG_WARN_UNGUARDED_AVAILABILITY = YES_AGGRESSIVE;
				CLANG_WARN_UNREACHABLE_CODE = YES;
				CLANG_WARN__DUPLICATE_METHOD_MATCH = YES;
				COPY_PHASE_STRIP = NO;
				DEBUG_INFORMATION_FORMAT = dwarf;
				ENABLE_STRICT_OBJC_MSGSEND = YES;
				ENABLE_TESTABILITY = YES;
				GCC_C_LANGUAGE_STANDARD = gnu11;
				GCC_DYNAMIC_NO_PIC = NO;
				GCC_NO_COMMON_BLOCKS = YES;
				GCC_OPTIMIZATION_LEVEL = 0;
				GCC_PREPROCESSOR_DEFINITIONS = (
					"DEBUG=1",
					"$(inherited)",
				);
				GCC_WARN_64_TO_32_BIT_CONVERSION = YES;
				GCC_WARN_ABOUT_RETURN_TYPE = YES_ERROR;
				GCC_WARN_UNDECLARED_SELECTOR = YES;
				GCC_WARN_UNINITIALIZED_AUTOS = YES_AGGRESSIVE;
				GCC_WARN_UNUSED_FUNCTION = YES;
				GCC_WARN_UNUSED_VARIABLE = YES;
				IPHONEOS_DEPLOYMENT_TARGET = 16.4;
				MTL_ENABLE_DEBUG_INFO = INCLUDE_SOURCE;
				MTL_FAST_MATH = YES;
				ONLY_ACTIVE_ARCH = YES;
				SDKROOT = iphoneos;
				SWIFT_ACTIVE_COMPILATION_CONDITIONS = DEBUG;
				SWIFT_OPTIMIZATION_LEVEL = "-Onone";
			};
			name = Debug;
		};
		BDF97DE72A92FD9B007E821F /* Release */ = {
			isa = XCBuildConfiguration;
			buildSettings = {
				ALWAYS_SEARCH_USER_PATHS = NO;
				CLANG_ANALYZER_NONNULL = YES;
				CLANG_ANALYZER_NUMBER_OBJECT_CONVERSION = YES_AGGRESSIVE;
				CLANG_CXX_LANGUAGE_STANDARD = "gnu++20";
				CLANG_ENABLE_MODULES = YES;
				CLANG_ENABLE_OBJC_ARC = YES;
				CLANG_ENABLE_OBJC_WEAK = YES;
				CLANG_WARN_BLOCK_CAPTURE_AUTORELEASING = YES;
				CLANG_WARN_BOOL_CONVERSION = YES;
				CLANG_WARN_COMMA = YES;
				CLANG_WARN_CONSTANT_CONVERSION = YES;
				CLANG_WARN_DEPRECATED_OBJC_IMPLEMENTATIONS = YES;
				CLANG_WARN_DIRECT_OBJC_ISA_USAGE = YES_ERROR;
				CLANG_WARN_DOCUMENTATION_COMMENTS = YES;
				CLANG_WARN_EMPTY_BODY = YES;
				CLANG_WARN_ENUM_CONVERSION = YES;
				CLANG_WARN_INFINITE_RECURSION = YES;
				CLANG_WARN_INT_CONVERSION = YES;
				CLANG_WARN_NON_LITERAL_NULL_CONVERSION = YES;
				CLANG_WARN_OBJC_IMPLICIT_RETAIN_SELF = YES;
				CLANG_WARN_OBJC_LITERAL_CONVERSION = YES;
				CLANG_WARN_OBJC_ROOT_CLASS = YES_ERROR;
				CLANG_WARN_QUOTED_INCLUDE_IN_FRAMEWORK_HEADER = YES;
				CLANG_WARN_RANGE_LOOP_ANALYSIS = YES;
				CLANG_WARN_STRICT_PROTOTYPES = YES;
				CLANG_WARN_SUSPICIOUS_MOVE = YES;
				CLANG_WARN_UNGUARDED_AVAILABILITY = YES_AGGRESSIVE;
				CLANG_WARN_UNREACHABLE_CODE = YES;
				CLANG_WARN__DUPLICATE_METHOD_MATCH = YES;
				COPY_PHASE_STRIP = NO;
				DEBUG_INFORMATION_FORMAT = "dwarf-with-dsym";
				ENABLE_NS_ASSERTIONS = NO;
				ENABLE_STRICT_OBJC_MSGSEND = YES;
				GCC_C_LANGUAGE_STANDARD = gnu11;
				GCC_NO_COMMON_BLOCKS = YES;
				GCC_WARN_64_TO_32_BIT_CONVERSION = YES;
				GCC_WARN_ABOUT_RETURN_TYPE = YES_ERROR;
				GCC_WARN_UNDECLARED_SELECTOR = YES;
				GCC_WARN_UNINITIALIZED_AUTOS = YES_AGGRESSIVE;
				GCC_WARN_UNUSED_FUNCTION = YES;
				GCC_WARN_UNUSED_VARIABLE = YES;
				IPHONEOS_DEPLOYMENT_TARGET = 16.4;
				MTL_ENABLE_DEBUG_INFO = NO;
				MTL_FAST_MATH = YES;
				SDKROOT = iphoneos;
				SWIFT_COMPILATION_MODE = wholemodule;
				SWIFT_OPTIMIZATION_LEVEL = "-O";
				VALIDATE_PRODUCT = YES;
			};
			name = Release;
		};
		BDF97DE92A92FD9B007E821F /* Debug */ = {
			isa = XCBuildConfiguration;
			buildSettings = {
				ASSETCATALOG_COMPILER_APPICON_NAME = AppIcon;
				ASSETCATALOG_COMPILER_GLOBAL_ACCENT_COLOR_NAME = AccentColor;
				CODE_SIGN_STYLE = Automatic;
				CURRENT_PROJECT_VERSION = 1;
				DEVELOPMENT_ASSET_PATHS = "\"Pokedex/Preview Content\"";
				DEVELOPMENT_TEAM = C377JK4BF2;
				ENABLE_PREVIEWS = YES;
				GENERATE_INFOPLIST_FILE = YES;
				INFOPLIST_KEY_UIApplicationSceneManifest_Generation = YES;
				INFOPLIST_KEY_UIApplicationSupportsIndirectInputEvents = YES;
				INFOPLIST_KEY_UILaunchScreen_Generation = YES;
				INFOPLIST_KEY_UISupportedInterfaceOrientations_iPad = "UIInterfaceOrientationPortrait UIInterfaceOrientationPortraitUpsideDown UIInterfaceOrientationLandscapeLeft UIInterfaceOrientationLandscapeRight";
				INFOPLIST_KEY_UISupportedInterfaceOrientations_iPhone = "UIInterfaceOrientationPortrait UIInterfaceOrientationLandscapeLeft UIInterfaceOrientationLandscapeRight";
				LD_RUNPATH_SEARCH_PATHS = (
					"$(inherited)",
					"@executable_path/Frameworks",
				);
				MARKETING_VERSION = 1.0;
				PRODUCT_BUNDLE_IDENTIFIER = com.krrevilla.Pokedex;
				PRODUCT_NAME = "$(TARGET_NAME)";
				SWIFT_EMIT_LOC_STRINGS = YES;
				SWIFT_VERSION = 5.0;
				TARGETED_DEVICE_FAMILY = "1,2";
			};
			name = Debug;
		};
		BDF97DEA2A92FD9B007E821F /* Release */ = {
			isa = XCBuildConfiguration;
			buildSettings = {
				ASSETCATALOG_COMPILER_APPICON_NAME = AppIcon;
				ASSETCATALOG_COMPILER_GLOBAL_ACCENT_COLOR_NAME = AccentColor;
				CODE_SIGN_STYLE = Automatic;
				CURRENT_PROJECT_VERSION = 1;
				DEVELOPMENT_ASSET_PATHS = "\"Pokedex/Preview Content\"";
				DEVELOPMENT_TEAM = C377JK4BF2;
				ENABLE_PREVIEWS = YES;
				GENERATE_INFOPLIST_FILE = YES;
				INFOPLIST_KEY_UIApplicationSceneManifest_Generation = YES;
				INFOPLIST_KEY_UIApplicationSupportsIndirectInputEvents = YES;
				INFOPLIST_KEY_UILaunchScreen_Generation = YES;
				INFOPLIST_KEY_UISupportedInterfaceOrientations_iPad = "UIInterfaceOrientationPortrait UIInterfaceOrientationPortraitUpsideDown UIInterfaceOrientationLandscapeLeft UIInterfaceOrientationLandscapeRight";
				INFOPLIST_KEY_UISupportedInterfaceOrientations_iPhone = "UIInterfaceOrientationPortrait UIInterfaceOrientationLandscapeLeft UIInterfaceOrientationLandscapeRight";
				LD_RUNPATH_SEARCH_PATHS = (
					"$(inherited)",
					"@executable_path/Frameworks",
				);
				MARKETING_VERSION = 1.0;
				PRODUCT_BUNDLE_IDENTIFIER = com.krrevilla.Pokedex;
				PRODUCT_NAME = "$(TARGET_NAME)";
				SWIFT_EMIT_LOC_STRINGS = YES;
				SWIFT_VERSION = 5.0;
				TARGETED_DEVICE_FAMILY = "1,2";
			};
			name = Release;
		};
		BDF97DEC2A92FD9B007E821F /* Debug */ = {
			isa = XCBuildConfiguration;
			buildSettings = {
				ALWAYS_EMBED_SWIFT_STANDARD_LIBRARIES = YES;
				BUNDLE_LOADER = "$(TEST_HOST)";
				CODE_SIGN_STYLE = Automatic;
				CURRENT_PROJECT_VERSION = 1;
				DEVELOPMENT_TEAM = C377JK4BF2;
				GENERATE_INFOPLIST_FILE = YES;
				IPHONEOS_DEPLOYMENT_TARGET = 16.4;
				MARKETING_VERSION = 1.0;
				PRODUCT_BUNDLE_IDENTIFIER = com.krrevilla.PokedexTests;
				PRODUCT_NAME = "$(TARGET_NAME)";
				SWIFT_EMIT_LOC_STRINGS = NO;
				SWIFT_VERSION = 5.0;
				TARGETED_DEVICE_FAMILY = "1,2";
				TEST_HOST = "$(BUILT_PRODUCTS_DIR)/Pokedex.app/$(BUNDLE_EXECUTABLE_FOLDER_PATH)/Pokedex";
			};
			name = Debug;
		};
		BDF97DED2A92FD9B007E821F /* Release */ = {
			isa = XCBuildConfiguration;
			buildSettings = {
				ALWAYS_EMBED_SWIFT_STANDARD_LIBRARIES = YES;
				BUNDLE_LOADER = "$(TEST_HOST)";
				CODE_SIGN_STYLE = Automatic;
				CURRENT_PROJECT_VERSION = 1;
				DEVELOPMENT_TEAM = C377JK4BF2;
				GENERATE_INFOPLIST_FILE = YES;
				IPHONEOS_DEPLOYMENT_TARGET = 16.4;
				MARKETING_VERSION = 1.0;
				PRODUCT_BUNDLE_IDENTIFIER = com.krrevilla.PokedexTests;
				PRODUCT_NAME = "$(TARGET_NAME)";
				SWIFT_EMIT_LOC_STRINGS = NO;
				SWIFT_VERSION = 5.0;
				TARGETED_DEVICE_FAMILY = "1,2";
				TEST_HOST = "$(BUILT_PRODUCTS_DIR)/Pokedex.app/$(BUNDLE_EXECUTABLE_FOLDER_PATH)/Pokedex";
			};
			name = Release;
		};
		BDF97DEF2A92FD9B007E821F /* Debug */ = {
			isa = XCBuildConfiguration;
			buildSettings = {
				ALWAYS_EMBED_SWIFT_STANDARD_LIBRARIES = YES;
				CODE_SIGN_STYLE = Automatic;
				CURRENT_PROJECT_VERSION = 1;
				DEVELOPMENT_TEAM = C377JK4BF2;
				GENERATE_INFOPLIST_FILE = YES;
				MARKETING_VERSION = 1.0;
				PRODUCT_BUNDLE_IDENTIFIER = com.krrevilla.PokedexUITests;
				PRODUCT_NAME = "$(TARGET_NAME)";
				SWIFT_EMIT_LOC_STRINGS = NO;
				SWIFT_VERSION = 5.0;
				TARGETED_DEVICE_FAMILY = "1,2";
				TEST_TARGET_NAME = Pokedex;
			};
			name = Debug;
		};
		BDF97DF02A92FD9B007E821F /* Release */ = {
			isa = XCBuildConfiguration;
			buildSettings = {
				ALWAYS_EMBED_SWIFT_STANDARD_LIBRARIES = YES;
				CODE_SIGN_STYLE = Automatic;
				CURRENT_PROJECT_VERSION = 1;
				DEVELOPMENT_TEAM = C377JK4BF2;
				GENERATE_INFOPLIST_FILE = YES;
				MARKETING_VERSION = 1.0;
				PRODUCT_BUNDLE_IDENTIFIER = com.krrevilla.PokedexUITests;
				PRODUCT_NAME = "$(TARGET_NAME)";
				SWIFT_EMIT_LOC_STRINGS = NO;
				SWIFT_VERSION = 5.0;
				TARGETED_DEVICE_FAMILY = "1,2";
				TEST_TARGET_NAME = Pokedex;
			};
			name = Release;
		};
/* End XCBuildConfiguration section */

/* Begin XCConfigurationList section */
		BDF97DBF2A92FD9A007E821F /* Build configuration list for PBXProject "Pokedex" */ = {
			isa = XCConfigurationList;
			buildConfigurations = (
				BDF97DE62A92FD9B007E821F /* Debug */,
				BDF97DE72A92FD9B007E821F /* Release */,
			);
			defaultConfigurationIsVisible = 0;
			defaultConfigurationName = Release;
		};
		BDF97DE82A92FD9B007E821F /* Build configuration list for PBXNativeTarget "Pokedex" */ = {
			isa = XCConfigurationList;
			buildConfigurations = (
				BDF97DE92A92FD9B007E821F /* Debug */,
				BDF97DEA2A92FD9B007E821F /* Release */,
			);
			defaultConfigurationIsVisible = 0;
			defaultConfigurationName = Release;
		};
		BDF97DEB2A92FD9B007E821F /* Build configuration list for PBXNativeTarget "PokedexTests" */ = {
			isa = XCConfigurationList;
			buildConfigurations = (
				BDF97DEC2A92FD9B007E821F /* Debug */,
				BDF97DED2A92FD9B007E821F /* Release */,
			);
			defaultConfigurationIsVisible = 0;
			defaultConfigurationName = Release;
		};
		BDF97DEE2A92FD9B007E821F /* Build configuration list for PBXNativeTarget "PokedexUITests" */ = {
			isa = XCConfigurationList;
			buildConfigurations = (
				BDF97DEF2A92FD9B007E821F /* Debug */,
				BDF97DF02A92FD9B007E821F /* Release */,
			);
			defaultConfigurationIsVisible = 0;
			defaultConfigurationName = Release;
		};
/* End XCConfigurationList section */
	};
	rootObject = BDF97DBC2A92FD9A007E821F /* Project object */;
}
